// !$*UTF8*$!
{
	archiveVersion = 1;
	classes = {
	};
	objectVersion = 56;
	objects = {

/* Begin PBXBuildFile section */
		5B1719802A98A89F00BF0E37 /* Inter-Regular.ttf in Resources */ = {isa = PBXBuildFile; fileRef = 5B17197F2A98A89E00BF0E37 /* Inter-Regular.ttf */; };
		5B1719822A98A8B400BF0E37 /* Inter-SemiBold.ttf in Resources */ = {isa = PBXBuildFile; fileRef = 5B1719812A98A8B400BF0E37 /* Inter-SemiBold.ttf */; };
		5B1719852A98AF9700BF0E37 /* Inter-Medium.ttf in Resources */ = {isa = PBXBuildFile; fileRef = 5B1719842A98AF9700BF0E37 /* Inter-Medium.ttf */; };
		5B1719872A98AFA300BF0E37 /* Inter-Bold.ttf in Resources */ = {isa = PBXBuildFile; fileRef = 5B1719862A98AFA300BF0E37 /* Inter-Bold.ttf */; };
		5B3E0CB92A9108BE00B60232 /* MovieAppApp.swift in Sources */ = {isa = PBXBuildFile; fileRef = 5B3E0CB82A9108BE00B60232 /* MovieAppApp.swift */; };
		5B3E0CBD2A9108C000B60232 /* Assets.xcassets in Resources */ = {isa = PBXBuildFile; fileRef = 5B3E0CBC2A9108C000B60232 /* Assets.xcassets */; };
		5B3E0CC02A9108C000B60232 /* Preview Assets.xcassets in Resources */ = {isa = PBXBuildFile; fileRef = 5B3E0CBF2A9108C000B60232 /* Preview Assets.xcassets */; };
		5B3E0CCC2A910BAB00B60232 /* Home.swift in Sources */ = {isa = PBXBuildFile; fileRef = 5B3E0CCB2A910BAB00B60232 /* Home.swift */; };
		5B3E0CD12A91146B00B60232 /* CardMovie.swift in Sources */ = {isa = PBXBuildFile; fileRef = 5B3E0CD02A91146B00B60232 /* CardMovie.swift */; };
		5B3E0CD92A9125A500B60232 /* Color.swift in Sources */ = {isa = PBXBuildFile; fileRef = 5B3E0CD82A9125A500B60232 /* Color.swift */; };
		5BAB25E32A94F76300831ECB /* TabModel.swift in Sources */ = {isa = PBXBuildFile; fileRef = 5BAB25E22A94F76300831ECB /* TabModel.swift */; };
		5BAB25E52A94F87500831ECB /* ContentView.swift in Sources */ = {isa = PBXBuildFile; fileRef = 5BAB25E42A94F87500831ECB /* ContentView.swift */; };
		5BAB25E72A94FAA600831ECB /* CustomTabBar.swift in Sources */ = {isa = PBXBuildFile; fileRef = 5BAB25E62A94FAA600831ECB /* CustomTabBar.swift */; };
		5BF679F82A91EF3200542279 /* CustomSearchBar.swift in Sources */ = {isa = PBXBuildFile; fileRef = 5BF679F72A91EF3200542279 /* CustomSearchBar.swift */; };
		5BF679FA2A91FEBF00542279 /* MovieModel.swift in Sources */ = {isa = PBXBuildFile; fileRef = 5BF679F92A91FEBF00542279 /* MovieModel.swift */; };
		5BF67A042A92475200542279 /* CategoryRow.swift in Sources */ = {isa = PBXBuildFile; fileRef = 5BF67A032A92475200542279 /* CategoryRow.swift */; };
		5BF67A062A9250BE00542279 /* DetailMovieView.swift in Sources */ = {isa = PBXBuildFile; fileRef = 5BF67A052A9250BE00542279 /* DetailMovieView.swift */; };
		5BF67A082A92511400542279 /* Cast.swift in Sources */ = {isa = PBXBuildFile; fileRef = 5BF67A072A92511400542279 /* Cast.swift */; };
		5BF67A0A2A92518400542279 /* CastModel.swift in Sources */ = {isa = PBXBuildFile; fileRef = 5BF67A092A92518400542279 /* CastModel.swift */; };
		5BF67A0C2A926C6600542279 /* CategoryDetailRow.swift in Sources */ = {isa = PBXBuildFile; fileRef = 5BF67A0B2A926C6600542279 /* CategoryDetailRow.swift */; };
/* End PBXBuildFile section */

/* Begin PBXFileReference section */
		5B17197F2A98A89E00BF0E37 /* Inter-Regular.ttf */ = {isa = PBXFileReference; lastKnownFileType = file; path = "Inter-Regular.ttf"; sourceTree = "<group>"; };
		5B1719812A98A8B400BF0E37 /* Inter-SemiBold.ttf */ = {isa = PBXFileReference; lastKnownFileType = file; path = "Inter-SemiBold.ttf"; sourceTree = "<group>"; };
		5B1719832A98A9B700BF0E37 /* Info.plist */ = {isa = PBXFileReference; lastKnownFileType = text.plist; path = Info.plist; sourceTree = "<group>"; };
		5B1719842A98AF9700BF0E37 /* Inter-Medium.ttf */ = {isa = PBXFileReference; lastKnownFileType = file; path = "Inter-Medium.ttf"; sourceTree = "<group>"; };
		5B1719862A98AFA300BF0E37 /* Inter-Bold.ttf */ = {isa = PBXFileReference; lastKnownFileType = file; path = "Inter-Bold.ttf"; sourceTree = "<group>"; };
		5B3E0CB52A9108BE00B60232 /* MovieApp.app */ = {isa = PBXFileReference; explicitFileType = wrapper.application; includeInIndex = 0; path = MovieApp.app; sourceTree = BUILT_PRODUCTS_DIR; };
		5B3E0CB82A9108BE00B60232 /* MovieAppApp.swift */ = {isa = PBXFileReference; lastKnownFileType = sourcecode.swift; path = MovieAppApp.swift; sourceTree = "<group>"; };
		5B3E0CBC2A9108C000B60232 /* Assets.xcassets */ = {isa = PBXFileReference; lastKnownFileType = folder.assetcatalog; path = Assets.xcassets; sourceTree = "<group>"; };
		5B3E0CBF2A9108C000B60232 /* Preview Assets.xcassets */ = {isa = PBXFileReference; lastKnownFileType = folder.assetcatalog; path = "Preview Assets.xcassets"; sourceTree = "<group>"; };
		5B3E0CCB2A910BAB00B60232 /* Home.swift */ = {isa = PBXFileReference; lastKnownFileType = sourcecode.swift; path = Home.swift; sourceTree = "<group>"; };
		5B3E0CD02A91146B00B60232 /* CardMovie.swift */ = {isa = PBXFileReference; lastKnownFileType = sourcecode.swift; path = CardMovie.swift; sourceTree = "<group>"; };
		5B3E0CD82A9125A500B60232 /* Color.swift */ = {isa = PBXFileReference; lastKnownFileType = sourcecode.swift; path = Color.swift; sourceTree = "<group>"; };
		5BAB25E22A94F76300831ECB /* TabModel.swift */ = {isa = PBXFileReference; lastKnownFileType = sourcecode.swift; path = TabModel.swift; sourceTree = "<group>"; };
		5BAB25E42A94F87500831ECB /* ContentView.swift */ = {isa = PBXFileReference; lastKnownFileType = sourcecode.swift; path = ContentView.swift; sourceTree = "<group>"; };
		5BAB25E62A94FAA600831ECB /* CustomTabBar.swift */ = {isa = PBXFileReference; lastKnownFileType = sourcecode.swift; path = CustomTabBar.swift; sourceTree = "<group>"; };
		5BF679F72A91EF3200542279 /* CustomSearchBar.swift */ = {isa = PBXFileReference; lastKnownFileType = sourcecode.swift; path = CustomSearchBar.swift; sourceTree = "<group>"; };
		5BF679F92A91FEBF00542279 /* MovieModel.swift */ = {isa = PBXFileReference; lastKnownFileType = sourcecode.swift; path = MovieModel.swift; sourceTree = "<group>"; };
		5BF67A032A92475200542279 /* CategoryRow.swift */ = {isa = PBXFileReference; lastKnownFileType = sourcecode.swift; path = CategoryRow.swift; sourceTree = "<group>"; };
		5BF67A052A9250BE00542279 /* DetailMovieView.swift */ = {isa = PBXFileReference; lastKnownFileType = sourcecode.swift; path = DetailMovieView.swift; sourceTree = "<group>"; };
		5BF67A072A92511400542279 /* Cast.swift */ = {isa = PBXFileReference; lastKnownFileType = sourcecode.swift; path = Cast.swift; sourceTree = "<group>"; };
		5BF67A092A92518400542279 /* CastModel.swift */ = {isa = PBXFileReference; lastKnownFileType = sourcecode.swift; path = CastModel.swift; sourceTree = "<group>"; };
		5BF67A0B2A926C6600542279 /* CategoryDetailRow.swift */ = {isa = PBXFileReference; lastKnownFileType = sourcecode.swift; path = CategoryDetailRow.swift; sourceTree = "<group>"; };
/* End PBXFileReference section */

/* Begin PBXFrameworksBuildPhase section */
		5B3E0CB22A9108BE00B60232 /* Frameworks */ = {
			isa = PBXFrameworksBuildPhase;
			buildActionMask = 2147483647;
			files = (
			);
			runOnlyForDeploymentPostprocessing = 0;
		};
/* End PBXFrameworksBuildPhase section */

/* Begin PBXGroup section */
		5B17197E2A98A82300BF0E37 /* Font */ = {
			isa = PBXGroup;
			children = (
				5B17197F2A98A89E00BF0E37 /* Inter-Regular.ttf */,
				5B1719812A98A8B400BF0E37 /* Inter-SemiBold.ttf */,
				5B1719842A98AF9700BF0E37 /* Inter-Medium.ttf */,
				5B1719862A98AFA300BF0E37 /* Inter-Bold.ttf */,
			);
			path = Font;
			sourceTree = "<group>";
		};
		5B3E0CAC2A9108BE00B60232 = {
			isa = PBXGroup;
			children = (
				5B3E0CB72A9108BE00B60232 /* MovieApp */,
				5B3E0CB62A9108BE00B60232 /* Products */,
			);
			sourceTree = "<group>";
		};
		5B3E0CB62A9108BE00B60232 /* Products */ = {
			isa = PBXGroup;
			children = (
				5B3E0CB52A9108BE00B60232 /* MovieApp.app */,
			);
			name = Products;
			sourceTree = "<group>";
		};
		5B3E0CB72A9108BE00B60232 /* MovieApp */ = {
			isa = PBXGroup;
			children = (
				5B1719832A98A9B700BF0E37 /* Info.plist */,
				5B3E0CB82A9108BE00B60232 /* MovieAppApp.swift */,
				5B3E0CC62A9108DC00B60232 /* View */,
				5B3E0CC72A9108F200B60232 /* Model */,
				5B17197E2A98A82300BF0E37 /* Font */,
				5BF679F02A91E10600542279 /* Extension */,
				5B3E0CBC2A9108C000B60232 /* Assets.xcassets */,
				5BAB25E42A94F87500831ECB /* ContentView.swift */,
				5B3E0CBE2A9108C000B60232 /* Preview Content */,
			);
			path = MovieApp;
			sourceTree = "<group>";
		};
		5B3E0CBE2A9108C000B60232 /* Preview Content */ = {
			isa = PBXGroup;
			children = (
				5B3E0CBF2A9108C000B60232 /* Preview Assets.xcassets */,
			);
			path = "Preview Content";
			sourceTree = "<group>";
		};
		5B3E0CC62A9108DC00B60232 /* View */ = {
			isa = PBXGroup;
			children = (
				5B3E0CCB2A910BAB00B60232 /* Home.swift */,
				5BF67A052A9250BE00542279 /* DetailMovieView.swift */,
				5BAB25E62A94FAA600831ECB /* CustomTabBar.swift */,
				5B3E0CD02A91146B00B60232 /* CardMovie.swift */,
				5BF679F72A91EF3200542279 /* CustomSearchBar.swift */,
				5BF67A032A92475200542279 /* CategoryRow.swift */,
				5BF67A072A92511400542279 /* Cast.swift */,
				5BF67A0B2A926C6600542279 /* CategoryDetailRow.swift */,
			);
			path = View;
			sourceTree = "<group>";
		};
		5B3E0CC72A9108F200B60232 /* Model */ = {
			isa = PBXGroup;
			children = (
				5BF679F92A91FEBF00542279 /* MovieModel.swift */,
				5BF67A092A92518400542279 /* CastModel.swift */,
				5BAB25E22A94F76300831ECB /* TabModel.swift */,
			);
			path = Model;
			sourceTree = "<group>";
		};
		5BF679F02A91E10600542279 /* Extension */ = {
			isa = PBXGroup;
			children = (
				5B3E0CD82A9125A500B60232 /* Color.swift */,
			);
			path = Extension;
			sourceTree = "<group>";
		};
/* End PBXGroup section */

/* Begin PBXNativeTarget section */
		5B3E0CB42A9108BE00B60232 /* MovieApp */ = {
			isa = PBXNativeTarget;
			buildConfigurationList = 5B3E0CC32A9108C000B60232 /* Build configuration list for PBXNativeTarget "MovieApp" */;
			buildPhases = (
				5B3E0CB12A9108BE00B60232 /* Sources */,
				5B3E0CB22A9108BE00B60232 /* Frameworks */,
				5B3E0CB32A9108BE00B60232 /* Resources */,
			);
			buildRules = (
			);
			dependencies = (
			);
			name = MovieApp;
			productName = MovieApp;
			productReference = 5B3E0CB52A9108BE00B60232 /* MovieApp.app */;
			productType = "com.apple.product-type.application";
		};
/* End PBXNativeTarget section */

/* Begin PBXProject section */
		5B3E0CAD2A9108BE00B60232 /* Project object */ = {
			isa = PBXProject;
			attributes = {
				BuildIndependentTargetsInParallel = 1;
				LastSwiftUpdateCheck = 1430;
				LastUpgradeCheck = 1430;
				TargetAttributes = {
					5B3E0CB42A9108BE00B60232 = {
						CreatedOnToolsVersion = 14.3.1;
					};
				};
			};
			buildConfigurationList = 5B3E0CB02A9108BE00B60232 /* Build configuration list for PBXProject "MovieApp" */;
			compatibilityVersion = "Xcode 14.0";
			developmentRegion = en;
			hasScannedForEncodings = 0;
			knownRegions = (
				en,
				Base,
			);
			mainGroup = 5B3E0CAC2A9108BE00B60232;
			productRefGroup = 5B3E0CB62A9108BE00B60232 /* Products */;
			projectDirPath = "";
			projectRoot = "";
			targets = (
				5B3E0CB42A9108BE00B60232 /* MovieApp */,
			);
		};
/* End PBXProject section */

/* Begin PBXResourcesBuildPhase section */
		5B3E0CB32A9108BE00B60232 /* Resources */ = {
			isa = PBXResourcesBuildPhase;
			buildActionMask = 2147483647;
			files = (
				5B1719872A98AFA300BF0E37 /* Inter-Bold.ttf in Resources */,
				5B1719822A98A8B400BF0E37 /* Inter-SemiBold.ttf in Resources */,
				5B3E0CC02A9108C000B60232 /* Preview Assets.xcassets in Resources */,
				5B1719802A98A89F00BF0E37 /* Inter-Regular.ttf in Resources */,
				5B1719852A98AF9700BF0E37 /* Inter-Medium.ttf in Resources */,
				5B3E0CBD2A9108C000B60232 /* Assets.xcassets in Resources */,
			);
			runOnlyForDeploymentPostprocessing = 0;
		};
/* End PBXResourcesBuildPhase section */

/* Begin PBXSourcesBuildPhase section */
		5B3E0CB12A9108BE00B60232 /* Sources */ = {
			isa = PBXSourcesBuildPhase;
			buildActionMask = 2147483647;
			files = (
				5BF67A062A9250BE00542279 /* DetailMovieView.swift in Sources */,
				5BAB25E72A94FAA600831ECB /* CustomTabBar.swift in Sources */,
				5BF679FA2A91FEBF00542279 /* MovieModel.swift in Sources */,
				5BF67A0A2A92518400542279 /* CastModel.swift in Sources */,
				5B3E0CB92A9108BE00B60232 /* MovieAppApp.swift in Sources */,
				5BF67A042A92475200542279 /* CategoryRow.swift in Sources */,
				5BAB25E32A94F76300831ECB /* TabModel.swift in Sources */,
				5B3E0CD92A9125A500B60232 /* Color.swift in Sources */,
				5BF679F82A91EF3200542279 /* CustomSearchBar.swift in Sources */,
				5BF67A0C2A926C6600542279 /* CategoryDetailRow.swift in Sources */,
				5B3E0CD12A91146B00B60232 /* CardMovie.swift in Sources */,
				5B3E0CCC2A910BAB00B60232 /* Home.swift in Sources */,
				5BAB25E52A94F87500831ECB /* ContentView.swift in Sources */,
				5BF67A082A92511400542279 /* Cast.swift in Sources */,
			);
			runOnlyForDeploymentPostprocessing = 0;
		};
/* End PBXSourcesBuildPhase section */

/* Begin XCBuildConfiguration section */
		5B3E0CC12A9108C000B60232 /* Debug */ = {
			isa = XCBuildConfiguration;
			buildSettings = {
				ALWAYS_SEARCH_USER_PATHS = NO;
				CLANG_ANALYZER_NONNULL = YES;
				CLANG_ANALYZER_NUMBER_OBJECT_CONVERSION = YES_AGGRESSIVE;
				CLANG_CXX_LANGUAGE_STANDARD = "gnu++20";
				CLANG_ENABLE_MODULES = YES;
				CLANG_ENABLE_OBJC_ARC = YES;
				CLANG_ENABLE_OBJC_WEAK = YES;
				CLANG_WARN_BLOCK_CAPTURE_AUTORELEASING = YES;
				CLANG_WARN_BOOL_CONVERSION = YES;
				CLANG_WARN_COMMA = YES;
				CLANG_WARN_CONSTANT_CONVERSION = YES;
				CLANG_WARN_DEPRECATED_OBJC_IMPLEMENTATIONS = YES;
				CLANG_WARN_DIRECT_OBJC_ISA_USAGE = YES_ERROR;
				CLANG_WARN_DOCUMENTATION_COMMENTS = YES;
				CLANG_WARN_EMPTY_BODY = YES;
				CLANG_WARN_ENUM_CONVERSION = YES;
				CLANG_WARN_INFINITE_RECURSION = YES;
				CLANG_WARN_INT_CONVERSION = YES;
				CLANG_WARN_NON_LITERAL_NULL_CONVERSION = YES;
				CLANG_WARN_OBJC_IMPLICIT_RETAIN_SELF = YES;
				CLANG_WARN_OBJC_LITERAL_CONVERSION = YES;
				CLANG_WARN_OBJC_ROOT_CLASS = YES_ERROR;
				CLANG_WARN_QUOTED_INCLUDE_IN_FRAMEWORK_HEADER = YES;
				CLANG_WARN_RANGE_LOOP_ANALYSIS = YES;
				CLANG_WARN_STRICT_PROTOTYPES = YES;
				CLANG_WARN_SUSPICIOUS_MOVE = YES;
				CLANG_WARN_UNGUARDED_AVAILABILITY = YES_AGGRESSIVE;
				CLANG_WARN_UNREACHABLE_CODE = YES;
				CLANG_WARN__DUPLICATE_METHOD_MATCH = YES;
				COPY_PHASE_STRIP = NO;
				DEBUG_INFORMATION_FORMAT = dwarf;
				ENABLE_STRICT_OBJC_MSGSEND = YES;
				ENABLE_TESTABILITY = YES;
				GCC_C_LANGUAGE_STANDARD = gnu11;
				GCC_DYNAMIC_NO_PIC = NO;
				GCC_NO_COMMON_BLOCKS = YES;
				GCC_OPTIMIZATION_LEVEL = 0;
				GCC_PREPROCESSOR_DEFINITIONS = (
					"DEBUG=1",
					"$(inherited)",
				);
				GCC_WARN_64_TO_32_BIT_CONVERSION = YES;
				GCC_WARN_ABOUT_RETURN_TYPE = YES_ERROR;
				GCC_WARN_UNDECLARED_SELECTOR = YES;
				GCC_WARN_UNINITIALIZED_AUTOS = YES_AGGRESSIVE;
				GCC_WARN_UNUSED_FUNCTION = YES;
				GCC_WARN_UNUSED_VARIABLE = YES;
				IPHONEOS_DEPLOYMENT_TARGET = 16.4;
				MTL_ENABLE_DEBUG_INFO = INCLUDE_SOURCE;
				MTL_FAST_MATH = YES;
				ONLY_ACTIVE_ARCH = YES;
				SDKROOT = iphoneos;
				SWIFT_ACTIVE_COMPILATION_CONDITIONS = DEBUG;
				SWIFT_OPTIMIZATION_LEVEL = "-Onone";
			};
			name = Debug;
		};
		5B3E0CC22A9108C000B60232 /* Release */ = {
			isa = XCBuildConfiguration;
			buildSettings = {
				ALWAYS_SEARCH_USER_PATHS = NO;
				CLANG_ANALYZER_NONNULL = YES;
				CLANG_ANALYZER_NUMBER_OBJECT_CONVERSION = YES_AGGRESSIVE;
				CLANG_CXX_LANGUAGE_STANDARD = "gnu++20";
				CLANG_ENABLE_MODULES = YES;
				CLANG_ENABLE_OBJC_ARC = YES;
				CLANG_ENABLE_OBJC_WEAK = YES;
				CLANG_WARN_BLOCK_CAPTURE_AUTORELEASING = YES;
				CLANG_WARN_BOOL_CONVERSION = YES;
				CLANG_WARN_COMMA = YES;
				CLANG_WARN_CONSTANT_CONVERSION = YES;
				CLANG_WARN_DEPRECATED_OBJC_IMPLEMENTATIONS = YES;
				CLANG_WARN_DIRECT_OBJC_ISA_USAGE = YES_ERROR;
				CLANG_WARN_DOCUMENTATION_COMMENTS = YES;
				CLANG_WARN_EMPTY_BODY = YES;
				CLANG_WARN_ENUM_CONVERSION = YES;
				CLANG_WARN_INFINITE_RECURSION = YES;
				CLANG_WARN_INT_CONVERSION = YES;
				CLANG_WARN_NON_LITERAL_NULL_CONVERSION = YES;
				CLANG_WARN_OBJC_IMPLICIT_RETAIN_SELF = YES;
				CLANG_WARN_OBJC_LITERAL_CONVERSION = YES;
				CLANG_WARN_OBJC_ROOT_CLASS = YES_ERROR;
				CLANG_WARN_QUOTED_INCLUDE_IN_FRAMEWORK_HEADER = YES;
				CLANG_WARN_RANGE_LOOP_ANALYSIS = YES;
				CLANG_WARN_STRICT_PROTOTYPES = YES;
				CLANG_WARN_SUSPICIOUS_MOVE = YES;
				CLANG_WARN_UNGUARDED_AVAILABILITY = YES_AGGRESSIVE;
				CLANG_WARN_UNREACHABLE_CODE = YES;
				CLANG_WARN__DUPLICATE_METHOD_MATCH = YES;
				COPY_PHASE_STRIP = NO;
				DEBUG_INFORMATION_FORMAT = "dwarf-with-dsym";
				ENABLE_NS_ASSERTIONS = NO;
				ENABLE_STRICT_OBJC_MSGSEND = YES;
				GCC_C_LANGUAGE_STANDARD = gnu11;
				GCC_NO_COMMON_BLOCKS = YES;
				GCC_WARN_64_TO_32_BIT_CONVERSION = YES;
				GCC_WARN_ABOUT_RETURN_TYPE = YES_ERROR;
				GCC_WARN_UNDECLARED_SELECTOR = YES;
				GCC_WARN_UNINITIALIZED_AUTOS = YES_AGGRESSIVE;
				GCC_WARN_UNUSED_FUNCTION = YES;
				GCC_WARN_UNUSED_VARIABLE = YES;
				IPHONEOS_DEPLOYMENT_TARGET = 16.4;
				MTL_ENABLE_DEBUG_INFO = NO;
				MTL_FAST_MATH = YES;
				SDKROOT = iphoneos;
				SWIFT_COMPILATION_MODE = wholemodule;
				SWIFT_OPTIMIZATION_LEVEL = "-O";
				VALIDATE_PRODUCT = YES;
			};
			name = Release;
		};
		5B3E0CC42A9108C000B60232 /* Debug */ = {
			isa = XCBuildConfiguration;
			buildSettings = {
				ASSETCATALOG_COMPILER_APPICON_NAME = AppIcon;
				ASSETCATALOG_COMPILER_GLOBAL_ACCENT_COLOR_NAME = AccentColor;
				CODE_SIGN_STYLE = Automatic;
				CURRENT_PROJECT_VERSION = 1;
				DEVELOPMENT_ASSET_PATHS = "\"MovieApp/Preview Content\"";
				ENABLE_PREVIEWS = YES;
				GENERATE_INFOPLIST_FILE = YES;
				INFOPLIST_FILE = MovieApp/Info.plist;
				INFOPLIST_KEY_UIApplicationSceneManifest_Generation = YES;
				INFOPLIST_KEY_UIApplicationSupportsIndirectInputEvents = YES;
				INFOPLIST_KEY_UILaunchScreen_Generation = YES;
				INFOPLIST_KEY_UISupportedInterfaceOrientations_iPad = "UIInterfaceOrientationPortrait UIInterfaceOrientationPortraitUpsideDown UIInterfaceOrientationLandscapeLeft UIInterfaceOrientationLandscapeRight";
				INFOPLIST_KEY_UISupportedInterfaceOrientations_iPhone = "UIInterfaceOrientationPortrait UIInterfaceOrientationLandscapeLeft UIInterfaceOrientationLandscapeRight";
				IPHONEOS_DEPLOYMENT_TARGET = 16.0;
				LD_RUNPATH_SEARCH_PATHS = (
					"$(inherited)",
					"@executable_path/Frameworks",
				);
				MARKETING_VERSION = 1.0;
				PRODUCT_BUNDLE_IDENTIFIER = co.septianto.MovieApp;
				PRODUCT_NAME = "$(TARGET_NAME)";
				SWIFT_EMIT_LOC_STRINGS = YES;
				SWIFT_VERSION = 5.0;
				TARGETED_DEVICE_FAMILY = "1,2";
			};
			name = Debug;
		};
		5B3E0CC52A9108C000B60232 /* Release */ = {
			isa = XCBuildConfiguration;
			buildSettings = {
				ASSETCATALOG_COMPILER_APPICON_NAME = AppIcon;
				ASSETCATALOG_COMPILER_GLOBAL_ACCENT_COLOR_NAME = AccentColor;
				CODE_SIGN_STYLE = Automatic;
				CURRENT_PROJECT_VERSION = 1;
				DEVELOPMENT_ASSET_PATHS = "\"MovieApp/Preview Content\"";
				ENABLE_PREVIEWS = YES;
				GENERATE_INFOPLIST_FILE = YES;
				INFOPLIST_FILE = MovieApp/Info.plist;
				INFOPLIST_KEY_UIApplicationSceneManifest_Generation = YES;
				INFOPLIST_KEY_UIApplicationSupportsIndirectInputEvents = YES;
				INFOPLIST_KEY_UILaunchScreen_Generation = YES;
				INFOPLIST_KEY_UISupportedInterfaceOrientations_iPad = "UIInterfaceOrientationPortrait UIInterfaceOrientationPortraitUpsideDown UIInterfaceOrientationLandscapeLeft UIInterfaceOrientationLandscapeRight";
				INFOPLIST_KEY_UISupportedInterfaceOrientations_iPhone = "UIInterfaceOrientationPortrait UIInterfaceOrientationLandscapeLeft UIInterfaceOrientationLandscapeRight";
				IPHONEOS_DEPLOYMENT_TARGET = 16.0;
				LD_RUNPATH_SEARCH_PATHS = (
					"$(inherited)",
					"@executable_path/Frameworks",
				);
				MARKETING_VERSION = 1.0;
				PRODUCT_BUNDLE_IDENTIFIER = co.septianto.MovieApp;
				PRODUCT_NAME = "$(TARGET_NAME)";
				SWIFT_EMIT_LOC_STRINGS = YES;
				SWIFT_VERSION = 5.0;
				TARGETED_DEVICE_FAMILY = "1,2";
			};
			name = Release;
		};
/* End XCBuildConfiguration section */

/* Begin XCConfigurationList section */
		5B3E0CB02A9108BE00B60232 /* Build configuration list for PBXProject "MovieApp" */ = {
			isa = XCConfigurationList;
			buildConfigurations = (
				5B3E0CC12A9108C000B60232 /* Debug */,
				5B3E0CC22A9108C000B60232 /* Release */,
			);
			defaultConfigurationIsVisible = 0;
			defaultConfigurationName = Release;
		};
		5B3E0CC32A9108C000B60232 /* Build configuration list for PBXNativeTarget "MovieApp" */ = {
			isa = XCConfigurationList;
			buildConfigurations = (
				5B3E0CC42A9108C000B60232 /* Debug */,
				5B3E0CC52A9108C000B60232 /* Release */,
			);
			defaultConfigurationIsVisible = 0;
			defaultConfigurationName = Release;
		};
/* End XCConfigurationList section */
	};
	rootObject = 5B3E0CAD2A9108BE00B60232 /* Project object */;
}
